
Microsoft Visual Studio Solution File, Format Version 12.00
# Visual Studio Version 17
VisualStudioVersion = 17.1.32210.238
MinimumVisualStudioVersion = 10.0.40219.1
Project("{FAE04EC0-301F-11D3-BF4B-00C04F79EFBC}") = "AzureAppConfiguration", "AzureAppConfiguration\AzureAppConfiguration.csproj", "{ADF6551A-1EF4-495F-82CE-C8862D6EE4E6}"
EndProject
Global
	GlobalSection(SolutionConfigurationPlatforms) = preSolution
		Debug|Any CPU = Debug|Any CPU
		Release|Any CPU = Release|Any CPU
	EndGlobalSection
	GlobalSection(ProjectConfigurationPlatforms) = postSolution
		{ADF6551A-1EF4-495F-82CE-C8862D6EE4E6}.Debug|Any CPU.ActiveCfg = Debug|Any CPU
		{ADF6551A-1EF4-495F-82CE-C8862D6EE4E6}.Debug|Any CPU.Build.0 = Debug|Any CPU
		{ADF6551A-1EF4-495F-82CE-C8862D6EE4E6}.Release|Any CPU.ActiveCfg = Release|Any CPU
		{ADF6551A-1EF4-495F-82CE-C8862D6EE4E6}.Release|Any CPU.Build.0 = Release|Any CPU
	EndGlobalSection
	GlobalSection(SolutionProperties) = preSolution
		HideSolutionNode = FALSE
	EndGlobalSection
	GlobalSection(ExtensibilityGlobals) = postSolution
		SolutionGuid = {9F7B14F0-E972-4D06-A000-4262A7D26DFF}
	EndGlobalSection
EndGlobal
